
Microsoft Visual Studio Solution File, Format Version 12.00
# Visual Studio Version 17
VisualStudioVersion = 17.14.36109.1 d17.14
MinimumVisualStudioVersion = 10.0.40219.1
Project("{FAE04EC0-301F-11D3-BF4B-00C04F79EFBC}") = "Phoenix", "Phoenix\Phoenix.csproj", "{E6343C7E-7440-4FB9-8D70-9344B173C6B2}"
EndProject
Global
	GlobalSection(SolutionConfigurationPlatforms) = preSolution
		Debug|Any CPU = Debug|Any CPU
		Release|Any CPU = Release|Any CPU
	EndGlobalSection
	GlobalSection(ProjectConfigurationPlatforms) = postSolution
		{E6343C7E-7440-4FB9-8D70-9344B173C6B2}.Debug|Any CPU.ActiveCfg = Debug|Any CPU
		{E6343C7E-7440-4FB9-8D70-9344B173C6B2}.Debug|Any CPU.Build.0 = Debug|Any CPU
		{E6343C7E-7440-4FB9-8D70-9344B173C6B2}.Release|Any CPU.ActiveCfg = Release|Any CPU
		{E6343C7E-7440-4FB9-8D70-9344B173C6B2}.Release|Any CPU.Build.0 = Release|Any CPU
	EndGlobalSection
	GlobalSection(SolutionProperties) = preSolution
		HideSolutionNode = FALSE
	EndGlobalSection
	GlobalSection(ExtensibilityGlobals) = postSolution
		SolutionGuid = {28812BBD-5C68-4277-B6B6-7215F4F959A8}
	EndGlobalSection
EndGlobal
